{
  "version": 4,
  "terraform_version": "1.12.2",
  "serial": 445,
  "lineage": "380e22c2-f797-54fb-8e64-2729f090238a",
  "outputs": {},
  "resources": [
    {
      "mode": "data",
      "type": "aws_acm_certificate",
      "name": "voucherz",
      "provider": "provider[\"registry.terraform.io/hashicorp/aws\"]",
      "instances": [
        {
          "schema_version": 0,
          "attributes": {
            "arn": "arn:aws:acm:ap-northeast-1:715841364530:certificate/ae26e5d1-6575-4087-a033-d9cda54862bf",
            "certificate": "-----BEGIN CERTIFICATE-----\nMIIFuzCCBKOgAwIBAgIQCr/wLgBstoPc8aRSj+3UrzANBgkqhkiG9w0BAQsFADA8\nMQswCQYDVQQGEwJVUzEPMA0GA1UEChMGQW1hem9uMRwwGgYDVQQDExNBbWF6b24g\nUlNBIDIwNDggTTAyMB4XDTI1MDgxODAwMDAwMFoXDTI2MDkxNjIzNTk1OVowFjEU\nMBIGA1UEAxMLdm91Y2hlcnouanAwggEiMA0GCSqGSIb3DQEBAQUAA4IBDwAwggEK\nAoIBAQDEU89O0PUrl13SFCSyCCPFwYccV3vT0b7WqOrlhfvo3TJkgw2ipclWeUVZ\nX3B8PASKfyPllx8BQRJMlzo5L2cvaqIEK/qUCf6l0fJGfP8KZpDj0ONlU2+U8XrB\nQOo8HdfsZ+UFJBUuqJgYAib3ko/wafdD3cDcfVWNmaG7nsTRr9j5RE/9niCOJbFE\nvXsuNtSfAguTRQzhuu2PYCDIRz4LheEmq12h2Z+U3u5M9U/0DWdY9jd0VpdSF7ys\no3AwKRGAMao5sSeD3AdH8RZj7kVOQQ/ujeeddl57BneVuTm50832dG6aLW8nBWsn\nVfc5hWyO02doMWh2L0oI6xFzForhAgMBAAGjggLdMIIC2TAfBgNVHSMEGDAWgBTA\nMVLNWlDDgnx0cc7L6Zz5euuC4jAdBgNVHQ4EFgQUNT0WWvGdp34/e/zz5S1wTSxx\nUn8wFgYDVR0RBA8wDYILdm91Y2hlcnouanAwEwYDVR0gBAwwCjAIBgZngQwBAgEw\nDgYDVR0PAQH/BAQDAgWgMBMGA1UdJQQMMAoGCCsGAQUFBwMBMDsGA1UdHwQ0MDIw\nMKAuoCyGKmh0dHA6Ly9jcmwucjJtMDIuYW1hem9udHJ1c3QuY29tL3IybTAyLmNy\nbDB1BggrBgEFBQcBAQRpMGcwLQYIKwYBBQUHMAGGIWh0dHA6Ly9vY3NwLnIybTAy\nLmFtYXpvbnRydXN0LmNvbTA2BggrBgEFBQcwAoYqaHR0cDovL2NydC5yMm0wMi5h\nbWF6b250cnVzdC5jb20vcjJtMDIuY2VyMAwGA1UdEwEB/wQCMAAwggGBBgorBgEE\nAdZ5AgQCBIIBcQSCAW0BawB3ANgJVTuUT3r/yBYZb5RPhauw+Pxeh1UmDxXRLnK7\nRUsUAAABmLwRjqkAAAQDAEgwRgIhAMH1psug9WLA9heipaGZI1fU25n1+P3oSfhy\nYzonHVqgAiEA9nsNavJt+UYS4NTSPt1gr2GdDj4NgV+NCj+QqLhtKy4AdwDCMX5X\nRRmjRe5/ON6ykEHrx8IhWiK/f9W1rXaa2Q5SzQAAAZi8EY6kAAAEAwBIMEYCIQDl\nRA6+GOP3XOlgQBYZLXLdxHafY0pRkhnHfdjIrwJN/AIhANoaWlT0sgrCTkY7zt68\nOmUZt2HvDjN1qllqsKqyjzXUAHcAlE5Dh/rswe+B8xkkJqgYZQHH0184AgE/cmd9\nVTcuGdgAAAGYvBGOsgAABAMASDBGAiEA7UBlhYKrlaxP5BT5glaZrSPx+PYeHyUt\n2terzwGzA6ACIQDmSXsdOdPT2+PFHAQB3sdXkG41GQkM7Bb0X0xis5IesjANBgkq\nhkiG9w0BAQsFAAOCAQEAX9H7xOX+dxg9nJhySbxuzxMJGUPIx5CSbEH5mmdGtx17\nkKwQxsJL17VydYX/IIck62t7lZKBL48DWY0QobD4POU5/TARqR00/6cwQ3kkvQ4c\nKBA3Hwy78G81Pd7DKc83p5tayUrdOKXulOeGFycGjXXmGul72qM0QvPT1Z5nMjKC\nX+dgZHnsdZ3ZAy1fOqXTXVWnHwfWDD1Ztt9c770iKByumbl3rnNjsxwqHM6miGuT\n7R37FSJoSBmKCDT1f8gIH21aqmZztUJ9gotfLGjHKVDGNlyYJrj/CA9HMIcA16+e\n3PaWzGrER8Z/TD6rAI5+2lPwRTq/UATFjZWvmC2uJw==\n-----END CERTIFICATE-----\n",
            "certificate_chain": "-----BEGIN CERTIFICATE-----\nMIIEXjCCA0agAwIBAgITB3MSSkvL1E7HtTvq8ZSELToPoTANBgkqhkiG9w0BAQsF\nADA5MQswCQYDVQQGEwJVUzEPMA0GA1UEChMGQW1hem9uMRkwFwYDVQQDExBBbWF6\nb24gUm9vdCBDQSAxMB4XDTIyMDgyMzIyMjUzMFoXDTMwMDgyMzIyMjUzMFowPDEL\nMAkGA1UEBhMCVVMxDzANBgNVBAoTBkFtYXpvbjEcMBoGA1UEAxMTQW1hem9uIFJT\nQSAyMDQ4IE0wMjCCASIwDQYJKoZIhvcNAQEBBQADggEPADCCAQoCggEBALtDGMZa\nqHneKei1by6+pUPPLljTB143Si6VpEWPc6mSkFhZb/6qrkZyoHlQLbDYnI2D7hD0\nsdzEqfnuAjIsuXQLG3A8TvX6V3oFNBFVe8NlLJHvBseKY88saLwufxkZVwk74g4n\nWlNMXzla9Y5F3wwRHwMVH443xGz6UtGSZSqQ94eFx5X7Tlqt8whi8qCaKdZ5rNak\n+r9nUThOeClqFd4oXych//Rc7Y0eX1KNWHYSI1Nk31mYgiK3JvH063g+K9tHA63Z\neTgKgndlh+WI+zv7i44HepRZjA1FYwYZ9Vv/9UkC5Yz8/yU65fgjaE+wVHM4e/Yy\nC2osrPWE7gJ+dXMCAwEAAaOCAVowggFWMBIGA1UdEwEB/wQIMAYBAf8CAQAwDgYD\nVR0PAQH/BAQDAgGGMB0GA1UdJQQWMBQGCCsGAQUFBwMBBggrBgEFBQcDAjAdBgNV\nHQ4EFgQUwDFSzVpQw4J8dHHOy+mc+XrrguIwHwYDVR0jBBgwFoAUhBjMhTTsvAyU\nlC4IWZzHshBOCggwewYIKwYBBQUHAQEEbzBtMC8GCCsGAQUFBzABhiNodHRwOi8v\nb2NzcC5yb290Y2ExLmFtYXpvbnRydXN0LmNvbTA6BggrBgEFBQcwAoYuaHR0cDov\nL2NydC5yb290Y2ExLmFtYXpvbnRydXN0LmNvbS9yb290Y2ExLmNlcjA/BgNVHR8E\nODA2MDSgMqAwhi5odHRwOi8vY3JsLnJvb3RjYTEuYW1hem9udHJ1c3QuY29tL3Jv\nb3RjYTEuY3JsMBMGA1UdIAQMMAowCAYGZ4EMAQIBMA0GCSqGSIb3DQEBCwUAA4IB\nAQAtTi6Fs0Azfi+iwm7jrz+CSxHH+uHl7Law3MQSXVtR8RV53PtR6r/6gNpqlzdo\nZq4FKbADi1v9Bun8RY8D51uedRfjsbeodizeBB8nXmeyD33Ep7VATj4ozcd31YFV\nfgRhvTSxNrrTlNpWkUk0m3BMPv8sg381HhA6uEYokE5q9uws/3YkKqRiEz3TsaWm\nJqIRZhMbgAfp7O7FUwFIb7UIspogZSKxPIWJpxiPo3TcBambbVtQOcNRWz5qCQdD\nslI2yayq0n2TXoHyNCLEH8rpsJRVILFsg0jc7BaFrMnF462+ajSehgj12IidNeRN\n4zl+EoNaWdpnWndvSpAEkq2P\n-----END CERTIFICATE-----\n-----BEGIN CERTIFICATE-----\nMIIEkjCCA3qgAwIBAgITBn+USionzfP6wq4rAfkI7rnExjANBgkqhkiG9w0BAQsF\nADCBmDELMAkGA1UEBhMCVVMxEDAOBgNVBAgTB0FyaXpvbmExEzARBgNVBAcTClNj\nb3R0c2RhbGUxJTAjBgNVBAoTHFN0YXJmaWVsZCBUZWNobm9sb2dpZXMsIEluYy4x\nOzA5BgNVBAMTMlN0YXJmaWVsZCBTZXJ2aWNlcyBSb290IENlcnRpZmljYXRlIEF1\ndGhvcml0eSAtIEcyMB4XDTE1MDUyNTEyMDAwMFoXDTM3MTIzMTAxMDAwMFowOTEL\nMAkGA1UEBhMCVVMxDzANBgNVBAoTBkFtYXpvbjEZMBcGA1UEAxMQQW1hem9uIFJv\nb3QgQ0EgMTCCASIwDQYJKoZIhvcNAQEBBQADggEPADCCAQoCggEBALJ4gHHKeNXj\nca9HgFB0fW7Y14h29Jlo91ghYPl0hAEvrAIthtOgQ3pOsqTQNroBvo3bSMgHFzZM\n9O6II8c+6zf1tRn4SWiw3te5djgdYZ6k/oI2peVKVuRF4fn9tBb6dNqcmzU5L/qw\nIFAGbHrQgLKm+a/sRxmPUDgH3KKHOVj4utWp+UhnMJbulHheb4mjUcAwhmahRWa6\nVOujw5H5SNz/0egwLX0tdHA114gk957EWW67c4cX8jJGKLhD+rcdqsq08p8kDi1L\n93FcXmn/6pUCyziKrlA4b9v7LWIbxcceVOF34GfID5yHI9Y/QCB/IIDEgEw+OyQm\njgSubJrIqg0CAwEAAaOCATEwggEtMA8GA1UdEwEB/wQFMAMBAf8wDgYDVR0PAQH/\nBAQDAgGGMB0GA1UdDgQWBBSEGMyFNOy8DJSULghZnMeyEE4KCDAfBgNVHSMEGDAW\ngBScXwDfqgHXMCs4iKK4bUqc8hGRgzB4BggrBgEFBQcBAQRsMGowLgYIKwYBBQUH\nMAGGImh0dHA6Ly9vY3NwLnJvb3RnMi5hbWF6b250cnVzdC5jb20wOAYIKwYBBQUH\nMAKGLGh0dHA6Ly9jcnQucm9vdGcyLmFtYXpvbnRydXN0LmNvbS9yb290ZzIuY2Vy\nMD0GA1UdHwQ2MDQwMqAwoC6GLGh0dHA6Ly9jcmwucm9vdGcyLmFtYXpvbnRydXN0\nLmNvbS9yb290ZzIuY3JsMBEGA1UdIAQKMAgwBgYEVR0gADANBgkqhkiG9w0BAQsF\nAAOCAQEAYjdCXLwQtT6LLOkMm2xF4gcAevnFWAu5CIw+7bMlPLVvUOTNNWqnkzSW\nMiGpSESrnO09tKpzbeR/FoCJbM8oAxiDR3mjEH4wW6w7sGDgd9QIpuEdfF7Au/ma\neyKdpwAJfqxGF4PcnCZXmTA5YpaP7dreqsXMGz7KQ2hsVxa81Q4gLv7/wmpdLqBK\nbRRYh5TmOTFffHPLkIhqhBGWJ6bt2YFGpn6jcgAKUj6DiAdjd4lpFw85hdKrCEVN\n0FE6/V1dN2RMfjCyVSRCnTawXZwXgWHxyvkQAiSr6w10kY17RSlQOYiypok1JR4U\nakcjMS9cmvqtmg5iUaQqqcT5NJ0hGA==\n-----END CERTIFICATE-----\n",
            "domain": "voucherz.jp",
            "id": "arn:aws:acm:ap-northeast-1:715841364530:certificate/ae26e5d1-6575-4087-a033-d9cda54862bf",
            "key_types": null,
            "most_recent": false,
            "region": "ap-northeast-1",
            "status": "ISSUED",
            "statuses": null,
            "tags": {
              "Name": "acm-voucherz-test"
            },
            "types": null
          },
          "sensitive_attributes": [],
          "identity_schema_version": 0
        }
      ]
    },
    {
      "mode": "data",
      "type": "aws_db_subnet_group",
      "name": "rds_subnet",
      "provider": "provider[\"registry.terraform.io/hashicorp/aws\"]",
      "instances": [
        {
          "schema_version": 0,
          "attributes": {
            "arn": "arn:aws:rds:ap-northeast-1:715841364530:subgrp:default-vpc-05ffd3536a22a6d48",
            "description": "Created from the RDS Management Console",
            "id": "default-vpc-05ffd3536a22a6d48",
            "name": "default-vpc-05ffd3536a22a6d48",
            "region": "ap-northeast-1",
            "status": "Complete",
            "subnet_ids": [
              "subnet-049a0b671cefbf429",
              "subnet-0b4db4a08c833a87f"
            ],
            "supported_network_types": [
              "IPV4"
            ],
            "vpc_id": "vpc-05ffd3536a22a6d48"
          },
          "sensitive_attributes": [],
          "identity_schema_version": 0
        }
      ]
    },
    {
      "mode": "data",
      "type": "aws_ecs_cluster",
      "name": "this",
      "provider": "provider[\"registry.terraform.io/hashicorp/aws\"]",
      "instances": [
        {
          "schema_version": 0,
          "attributes": {
            "arn": "arn:aws:ecs:ap-northeast-1:715841364530:cluster/voucherz-test",
            "cluster_name": "voucherz-test",
            "id": "arn:aws:ecs:ap-northeast-1:715841364530:cluster/voucherz-test",
            "pending_tasks_count": 0,
            "region": "ap-northeast-1",
            "registered_container_instances_count": 0,
            "running_tasks_count": 0,
            "service_connect_defaults": [],
            "setting": [
              {
                "name": "containerInsights",
                "value": "disabled"
              }
            ],
            "status": "ACTIVE",
            "tags": {}
          },
          "sensitive_attributes": [],
          "identity_schema_version": 0
        }
      ]
    },
    {
      "mode": "data",
      "type": "aws_ecs_task_definition",
      "name": "django",
      "provider": "provider[\"registry.terraform.io/hashicorp/aws\"]",
      "instances": [
        {
          "schema_version": 0,
          "attributes": {
            "arn": "arn:aws:ecs:ap-northeast-1:715841364530:task-definition/voucherz-test-django-taskdef:9",
            "arn_without_revision": "arn:aws:ecs:ap-northeast-1:715841364530:task-definition/voucherz-test-django-taskdef",
            "container_definitions": "[{\"environment\":[],\"environmentFiles\":[],\"essential\":true,\"image\":\"715841364530.dkr.ecr.ap-northeast-1.amazonaws.com/voucherz-app:latest\",\"logConfiguration\":{\"logDriver\":\"awslogs\",\"options\":{\"awslogs-create-group\":\"true\",\"awslogs-region\":\"ap-northeast-1\",\"awslogs-stream-prefix\":\"django\",\"awslogs-group\":\"/ecs/voucherz-test-taskdef\"},\"secretOptions\":[]},\"mountPoints\":[],\"name\":\"django\",\"portMappings\":[{\"containerPort\":8000,\"hostPort\":8000,\"name\":\"django-8000-tcp\",\"protocol\":\"tcp\"}],\"secrets\":[{\"name\":\"DJANGO_ALLOWED_HOSTS\",\"valueFrom\":\"/voucherz/DJANGO_ALLOWED_HOSTS\"},{\"name\":\"DJANGO_ENV\",\"valueFrom\":\"/voucherz/DJANGO_ENV\"},{\"name\":\"DJANGO_SECRET_KEY\",\"valueFrom\":\"/voucherz/DJANGO_SECRET_KEY\"},{\"name\":\"MYSQL_CONTAINER_NAME\",\"valueFrom\":\"/voucherz/MYSQL_CONTAINER_NAME\"},{\"name\":\"MYSQL_DATABASE\",\"valueFrom\":\"/voucherz/MYSQL_DATABASE\"},{\"name\":\"MYSQL_PASSWORD\",\"valueFrom\":\"/voucherz/MYSQL_PASSWORD\"},{\"name\":\"MYSQL_ROOT_PASSWORD\",\"valueFrom\":\"/voucherz/MYSQL_ROOT_PASSWORD\"},{\"name\":\"MYSQL_USER\",\"valueFrom\":\"/voucherz/MYSQL_USER\"},{\"name\":\"PYTHONDONTWRITEBYTECODE\",\"valueFrom\":\"/voucherz/PYTHONDONTWRITEBYTECODE\"},{\"name\":\"PYTHONUNBUFFERED\",\"valueFrom\":\"/voucherz/PYTHONUNBUFFERED\"}],\"systemControls\":[],\"ulimits\":[],\"volumesFrom\":[]}]",
            "cpu": "1024",
            "enable_fault_injection": false,
            "ephemeral_storage": [],
            "execution_role_arn": "arn:aws:iam::715841364530:role/ecsTaskExecution+kms+ssmRole",
            "family": "voucherz-test-django-taskdef",
            "id": "arn:aws:ecs:ap-northeast-1:715841364530:task-definition/voucherz-test-django-taskdef:9",
            "ipc_mode": "",
            "memory": "3072",
            "network_mode": "awsvpc",
            "pid_mode": "",
            "placement_constraints": [],
            "proxy_configuration": [],
            "region": "ap-northeast-1",
            "requires_compatibilities": [
              "FARGATE"
            ],
            "revision": 9,
            "runtime_platform": [
              {
                "cpu_architecture": "ARM64",
                "operating_system_family": "LINUX"
              }
            ],
            "status": "ACTIVE",
            "task_definition": "voucherz-test-django-taskdef",
            "task_role_arn": "",
            "volume": []
          },
          "sensitive_attributes": [],
          "identity_schema_version": 0
        }
      ]
    },
    {
      "mode": "data",
      "type": "aws_ecs_task_definition",
      "name": "nginx",
      "provider": "provider[\"registry.terraform.io/hashicorp/aws\"]",
      "instances": [
        {
          "schema_version": 0,
          "attributes": {
            "arn": "arn:aws:ecs:ap-northeast-1:715841364530:task-definition/voucherz-test-nginx-taskdef:3",
            "arn_without_revision": "arn:aws:ecs:ap-northeast-1:715841364530:task-definition/voucherz-test-nginx-taskdef",
            "container_definitions": "[{\"environment\":[],\"environmentFiles\":[],\"essential\":true,\"image\":\"715841364530.dkr.ecr.ap-northeast-1.amazonaws.com/voucherz-web:latest\",\"logConfiguration\":{\"logDriver\":\"awslogs\",\"options\":{\"awslogs-group\":\"/ecs/voucherz-test-nginx-taskdef\",\"awslogs-create-group\":\"true\",\"awslogs-region\":\"ap-northeast-1\",\"awslogs-stream-prefix\":\"nginx\"},\"secretOptions\":[]},\"mountPoints\":[],\"name\":\"nginx\",\"portMappings\":[{\"appProtocol\":\"http\",\"containerPort\":80,\"hostPort\":80,\"name\":\"nginx-80-tcp\",\"protocol\":\"tcp\"}],\"systemControls\":[],\"ulimits\":[],\"volumesFrom\":[]}]",
            "cpu": "1024",
            "enable_fault_injection": false,
            "ephemeral_storage": [],
            "execution_role_arn": "arn:aws:iam::715841364530:role/ecsTaskExecutionRole",
            "family": "voucherz-test-nginx-taskdef",
            "id": "arn:aws:ecs:ap-northeast-1:715841364530:task-definition/voucherz-test-nginx-taskdef:3",
            "ipc_mode": "",
            "memory": "3072",
            "network_mode": "awsvpc",
            "pid_mode": "",
            "placement_constraints": [],
            "proxy_configuration": [],
            "region": "ap-northeast-1",
            "requires_compatibilities": [
              "FARGATE"
            ],
            "revision": 3,
            "runtime_platform": [
              {
                "cpu_architecture": "ARM64",
                "operating_system_family": "LINUX"
              }
            ],
            "status": "ACTIVE",
            "task_definition": "voucherz-test-nginx-taskdef",
            "task_role_arn": "",
            "volume": []
          },
          "sensitive_attributes": [],
          "identity_schema_version": 0
        }
      ]
    },
    {
      "mode": "data",
      "type": "aws_lb_target_group",
      "name": "fargate_tg",
      "provider": "provider[\"registry.terraform.io/hashicorp/aws\"]",
      "instances": [
        {
          "schema_version": 0,
          "attributes": {
            "arn": "arn:aws:elasticloadbalancing:ap-northeast-1:715841364530:targetgroup/fargate-tg-voucherz-test/718de1f0eb8e5660",
            "arn_suffix": "targetgroup/fargate-tg-voucherz-test/718de1f0eb8e5660",
            "connection_termination": null,
            "deregistration_delay": "300",
            "health_check": [
              {
                "enabled": true,
                "healthy_threshold": 5,
                "interval": 40,
                "matcher": "200",
                "path": "/",
                "port": "traffic-port",
                "protocol": "HTTP",
                "timeout": 30,
                "unhealthy_threshold": 2
              }
            ],
            "id": "arn:aws:elasticloadbalancing:ap-northeast-1:715841364530:targetgroup/fargate-tg-voucherz-test/718de1f0eb8e5660",
            "lambda_multi_value_headers_enabled": null,
            "load_balancer_arns": [],
            "load_balancing_algorithm_type": "round_robin",
            "load_balancing_anomaly_mitigation": "off",
            "load_balancing_cross_zone_enabled": "use_load_balancer_configuration",
            "name": "fargate-tg-voucherz-test",
            "port": 80,
            "preserve_client_ip": null,
            "protocol": "HTTP",
            "protocol_version": "HTTP1",
            "proxy_protocol_v2": null,
            "region": "ap-northeast-1",
            "slow_start": 0,
            "stickiness": [
              {
                "cookie_duration": 86400,
                "cookie_name": "",
                "enabled": false,
                "type": "lb_cookie"
              }
            ],
            "tags": {
              "Name": "fargate-tg-voucherz-test"
            },
            "target_type": "ip",
            "timeouts": null,
            "vpc_id": "vpc-05ffd3536a22a6d48"
          },
          "sensitive_attributes": [],
          "identity_schema_version": 0
        }
      ]
    },
    {
      "mode": "data",
      "type": "aws_route53_zone",
      "name": "voucherz",
      "provider": "provider[\"registry.terraform.io/hashicorp/aws\"]",
      "instances": [
        {
          "schema_version": 0,
          "attributes": {
            "arn": "arn:aws:route53:::hostedzone/Z002079711TVB8IR2PG1M",
            "caller_reference": "fae4831f-f0fe-4005-965e-1cefb934c13d",
            "comment": "",
            "id": "Z002079711TVB8IR2PG1M",
            "linked_service_description": null,
            "linked_service_principal": null,
            "name": "voucherz.jp",
            "name_servers": [
              "ns-715.awsdns-25.net",
              "ns-1847.awsdns-38.co.uk",
              "ns-1189.awsdns-20.org",
              "ns-496.awsdns-62.com"
            ],
            "primary_name_server": "ns-715.awsdns-25.net",
            "private_zone": false,
            "resource_record_set_count": 3,
            "tags": {
              "Name": "route-voucherz-test"
            },
            "vpc_id": null,
            "zone_id": "Z002079711TVB8IR2PG1M"
          },
          "sensitive_attributes": [],
          "identity_schema_version": 0
        }
      ]
    },
    {
      "mode": "data",
      "type": "aws_route_table",
      "name": "private_rtb",
      "provider": "provider[\"registry.terraform.io/hashicorp/aws\"]",
      "instances": [
        {
          "schema_version": 0,
          "attributes": {
            "arn": "arn:aws:ec2:ap-northeast-1:715841364530:route-table/rtb-0c02f5b07505caaec",
            "associations": [
              {
                "gateway_id": "",
                "main": true,
                "route_table_association_id": "rtbassoc-081f6564e3ca36a00",
                "route_table_id": "rtb-0c02f5b07505caaec",
                "subnet_id": ""
              }
            ],
            "filter": [
              {
                "name": "tag:Name",
                "values": [
                  "fargate-voucherz-test-rtb-private-ap-northeast-1a"
                ]
              }
            ],
            "gateway_id": null,
            "id": "rtb-0c02f5b07505caaec",
            "owner_id": "715841364530",
            "region": "ap-northeast-1",
            "route_table_id": "rtb-0c02f5b07505caaec",
            "routes": [],
            "subnet_id": null,
            "tags": {
              "Name": "fargate-voucherz-test-rtb-private-ap-northeast-1a"
            },
            "timeouts": null,
            "vpc_id": "vpc-05ffd3536a22a6d48"
          },
          "sensitive_attributes": [],
          "identity_schema_version": 0
        }
      ]
    },
    {
      "mode": "data",
      "type": "aws_security_group",
      "name": "alb_sg",
      "provider": "provider[\"registry.terraform.io/hashicorp/aws\"]",
      "instances": [
        {
          "schema_version": 0,
          "attributes": {
            "arn": "arn:aws:ec2:ap-northeast-1:715841364530:security-group/sg-0efb6c108188bd7aa",
            "description": "voucherz-test-security-policy",
            "filter": [
              {
                "name": "tag:Name",
                "values": [
                  "alb-sg-voucherz-test"
                ]
              }
            ],
            "id": "sg-0efb6c108188bd7aa",
            "name": "voucherz-test-security-policy",
            "region": "ap-northeast-1",
            "tags": {
              "Name": "alb-sg-voucherz-test"
            },
            "timeouts": null,
            "vpc_id": "vpc-05ffd3536a22a6d48"
          },
          "sensitive_attributes": [],
          "identity_schema_version": 0
        }
      ]
    },
    {
      "mode": "data",
      "type": "aws_security_group",
      "name": "fargate_sg",
      "provider": "provider[\"registry.terraform.io/hashicorp/aws\"]",
      "instances": [
        {
          "schema_version": 0,
          "attributes": {
            "arn": "arn:aws:ec2:ap-northeast-1:715841364530:security-group/sg-0c2f02071ac243ffd",
            "description": "Fargate sequrity group",
            "filter": [
              {
                "name": "tag:Name",
                "values": [
                  "fargate-sg-voucherz-test"
                ]
              }
            ],
            "id": "sg-0c2f02071ac243ffd",
            "name": "fargate-sg-voucherz-test",
            "region": "ap-northeast-1",
            "tags": {
              "Name": "fargate-sg-voucherz-test"
            },
            "timeouts": null,
            "vpc_id": "vpc-05ffd3536a22a6d48"
          },
          "sensitive_attributes": [],
          "identity_schema_version": 0
        }
      ]
    },
    {
      "mode": "data",
      "type": "aws_security_group",
      "name": "rds_sg",
      "provider": "provider[\"registry.terraform.io/hashicorp/aws\"]",
      "instances": [
        {
          "schema_version": 0,
          "attributes": {
            "arn": "arn:aws:ec2:ap-northeast-1:715841364530:security-group/sg-01058cd586df62a94",
            "description": "for RDS",
            "filter": [
              {
                "name": "tag:Name",
                "values": [
                  "rds-sg-voucherz-test"
                ]
              }
            ],
            "id": "sg-01058cd586df62a94",
            "name": "voucherz-rds",
            "region": "ap-northeast-1",
            "tags": {
              "Name": "rds-sg-voucherz-test"
            },
            "timeouts": null,
            "vpc_id": "vpc-05ffd3536a22a6d48"
          },
          "sensitive_attributes": [],
          "identity_schema_version": 0
        }
      ]
    },
    {
      "mode": "data",
      "type": "aws_service_discovery_service",
      "name": "django",
      "provider": "provider[\"registry.terraform.io/hashicorp/aws\"]",
      "instances": [
        {
          "schema_version": 0,
          "attributes": {
            "arn": "arn:aws:servicediscovery:ap-northeast-1:715841364530:service/srv-gqh55r5etc6uzax3",
            "description": "",
            "dns_config": [
              {
                "dns_records": [
                  {
                    "ttl": 15,
                    "type": "A"
                  }
                ],
                "namespace_id": "ns-2vzbb2e54ypnaxjf",
                "routing_policy": "MULTIVALUE"
              }
            ],
            "health_check_config": [],
            "health_check_custom_config": [
              {
                "failure_threshold": 1
              }
            ],
            "id": "srv-gqh55r5etc6uzax3",
            "name": "django",
            "namespace_id": "ns-2vzbb2e54ypnaxjf",
            "region": "ap-northeast-1",
            "tags": {}
          },
          "sensitive_attributes": [],
          "identity_schema_version": 0
        }
      ]
    },
    {
      "mode": "data",
      "type": "aws_subnet",
      "name": "private_subnet",
      "provider": "provider[\"registry.terraform.io/hashicorp/aws\"]",
      "instances": [
        {
          "schema_version": 0,
          "attributes": {
            "arn": "arn:aws:ec2:ap-northeast-1:715841364530:subnet/subnet-0ce58d5e393ec8270",
            "assign_ipv6_address_on_creation": false,
            "availability_zone": "ap-northeast-1a",
            "availability_zone_id": "apne1-az4",
            "available_ip_address_count": 11,
            "cidr_block": "10.0.0.160/28",
            "customer_owned_ipv4_pool": "",
            "default_for_az": false,
            "enable_dns64": false,
            "enable_lni_at_device_index": 0,
            "enable_resource_name_dns_a_record_on_launch": false,
            "enable_resource_name_dns_aaaa_record_on_launch": false,
            "filter": [
              {
                "name": "tag:Name",
                "values": [
                  "fargate-voucherz-test-subnet-private2-ap-northeast-1a"
                ]
              }
            ],
            "id": "subnet-0ce58d5e393ec8270",
            "ipv6_cidr_block": "",
            "ipv6_cidr_block_association_id": "",
            "ipv6_native": false,
            "map_customer_owned_ip_on_launch": false,
            "map_public_ip_on_launch": false,
            "outpost_arn": "",
            "owner_id": "715841364530",
            "private_dns_hostname_type_on_launch": "ip-name",
            "region": "ap-northeast-1",
            "state": "available",
            "tags": {
              "Name": "fargate-voucherz-test-subnet-private2-ap-northeast-1a"
            },
            "timeouts": null,
            "vpc_id": "vpc-05ffd3536a22a6d48"
          },
          "sensitive_attributes": [],
          "identity_schema_version": 0
        }
      ]
    },
    {
      "mode": "data",
      "type": "aws_subnet",
      "name": "public1",
      "provider": "provider[\"registry.terraform.io/hashicorp/aws\"]",
      "instances": [
        {
          "schema_version": 0,
          "attributes": {
            "arn": "arn:aws:ec2:ap-northeast-1:715841364530:subnet/subnet-0f62fb333db1b726f",
            "assign_ipv6_address_on_creation": false,
            "availability_zone": "ap-northeast-1a",
            "availability_zone_id": "apne1-az4",
            "available_ip_address_count": 11,
            "cidr_block": "10.0.0.0/28",
            "customer_owned_ipv4_pool": "",
            "default_for_az": false,
            "enable_dns64": false,
            "enable_lni_at_device_index": 0,
            "enable_resource_name_dns_a_record_on_launch": false,
            "enable_resource_name_dns_aaaa_record_on_launch": false,
            "filter": [
              {
                "name": "tag:Name",
                "values": [
                  "alb-voucherz-test-subnet-public1-ap-northeast-1a"
                ]
              }
            ],
            "id": "subnet-0f62fb333db1b726f",
            "ipv6_cidr_block": "",
            "ipv6_cidr_block_association_id": "",
            "ipv6_native": false,
            "map_customer_owned_ip_on_launch": false,
            "map_public_ip_on_launch": false,
            "outpost_arn": "",
            "owner_id": "715841364530",
            "private_dns_hostname_type_on_launch": "ip-name",
            "region": "ap-northeast-1",
            "state": "available",
            "tags": {
              "Name": "alb-voucherz-test-subnet-public1-ap-northeast-1a"
            },
            "timeouts": null,
            "vpc_id": "vpc-05ffd3536a22a6d48"
          },
          "sensitive_attributes": [],
          "identity_schema_version": 0
        }
      ]
    },
    {
      "mode": "data",
      "type": "aws_subnet",
      "name": "public2",
      "provider": "provider[\"registry.terraform.io/hashicorp/aws\"]",
      "instances": [
        {
          "schema_version": 0,
          "attributes": {
            "arn": "arn:aws:ec2:ap-northeast-1:715841364530:subnet/subnet-03e8708ace2d2a4a5",
            "assign_ipv6_address_on_creation": false,
            "availability_zone": "ap-northeast-1c",
            "availability_zone_id": "apne1-az1",
            "available_ip_address_count": 11,
            "cidr_block": "10.0.0.16/28",
            "customer_owned_ipv4_pool": "",
            "default_for_az": false,
            "enable_dns64": false,
            "enable_lni_at_device_index": 0,
            "enable_resource_name_dns_a_record_on_launch": false,
            "enable_resource_name_dns_aaaa_record_on_launch": false,
            "filter": [
              {
                "name": "tag:Name",
                "values": [
                  "alb-voucherz-test-subnet-public2-ap-northeast-1c"
                ]
              }
            ],
            "id": "subnet-03e8708ace2d2a4a5",
            "ipv6_cidr_block": "",
            "ipv6_cidr_block_association_id": "",
            "ipv6_native": false,
            "map_customer_owned_ip_on_launch": false,
            "map_public_ip_on_launch": false,
            "outpost_arn": "",
            "owner_id": "715841364530",
            "private_dns_hostname_type_on_launch": "ip-name",
            "region": "ap-northeast-1",
            "state": "available",
            "tags": {
              "Name": "alb-voucherz-test-subnet-public2-ap-northeast-1c"
            },
            "timeouts": null,
            "vpc_id": "vpc-05ffd3536a22a6d48"
          },
          "sensitive_attributes": [],
          "identity_schema_version": 0
        }
      ]
    },
    {
      "mode": "data",
      "type": "aws_subnet",
      "name": "public_subnet",
      "provider": "provider[\"registry.terraform.io/hashicorp/aws\"]",
      "instances": [
        {
          "schema_version": 0,
          "attributes": {
            "arn": "arn:aws:ec2:ap-northeast-1:715841364530:subnet/subnet-0f62fb333db1b726f",
            "assign_ipv6_address_on_creation": false,
            "availability_zone": "ap-northeast-1a",
            "availability_zone_id": "apne1-az4",
            "available_ip_address_count": 11,
            "cidr_block": "10.0.0.0/28",
            "customer_owned_ipv4_pool": "",
            "default_for_az": false,
            "enable_dns64": false,
            "enable_lni_at_device_index": 0,
            "enable_resource_name_dns_a_record_on_launch": false,
            "enable_resource_name_dns_aaaa_record_on_launch": false,
            "filter": [
              {
                "name": "tag:Name",
                "values": [
                  "alb-voucherz-test-subnet-public1-ap-northeast-1a"
                ]
              }
            ],
            "id": "subnet-0f62fb333db1b726f",
            "ipv6_cidr_block": "",
            "ipv6_cidr_block_association_id": "",
            "ipv6_native": false,
            "map_customer_owned_ip_on_launch": false,
            "map_public_ip_on_launch": false,
            "outpost_arn": "",
            "owner_id": "715841364530",
            "private_dns_hostname_type_on_launch": "ip-name",
            "region": "ap-northeast-1",
            "state": "available",
            "tags": {
              "Name": "alb-voucherz-test-subnet-public1-ap-northeast-1a"
            },
            "timeouts": null,
            "vpc_id": "vpc-05ffd3536a22a6d48"
          },
          "sensitive_attributes": [],
          "identity_schema_version": 0
        }
      ]
    },
    {
      "mode": "data",
      "type": "aws_vpc",
      "name": "voucherz_test",
      "provider": "provider[\"registry.terraform.io/hashicorp/aws\"]",
      "instances": [
        {
          "schema_version": 0,
          "attributes": {
            "arn": "arn:aws:ec2:ap-northeast-1:715841364530:vpc/vpc-05ffd3536a22a6d48",
            "cidr_block": "10.0.0.0/24",
            "cidr_block_associations": [
              {
                "association_id": "vpc-cidr-assoc-0859983e42db04113",
                "cidr_block": "10.0.0.0/24",
                "state": "associated"
              }
            ],
            "default": false,
            "dhcp_options_id": "dopt-0f0c50acda372dcf9",
            "enable_dns_hostnames": true,
            "enable_dns_support": true,
            "enable_network_address_usage_metrics": false,
            "filter": [
              {
                "name": "tag:Name",
                "values": [
                  "voucherz-test-vpc"
                ]
              }
            ],
            "id": "vpc-05ffd3536a22a6d48",
            "instance_tenancy": "default",
            "ipv6_association_id": "",
            "ipv6_cidr_block": "",
            "main_route_table_id": "rtb-0c02f5b07505caaec",
            "owner_id": "715841364530",
            "region": "ap-northeast-1",
            "state": null,
            "tags": {
              "Name": "voucherz-test-vpc"
            },
            "timeouts": null
          },
          "sensitive_attributes": [],
          "identity_schema_version": 0
        }
      ]
    },
    {
      "mode": "managed",
      "type": "aws_db_instance",
      "name": "rds_voucherz_test",
      "provider": "provider[\"registry.terraform.io/hashicorp/aws\"]",
      "instances": [
        {
          "schema_version": 2,
          "attributes": {
            "address": "rds-voucherz-test.cn2gsqoggmgm.ap-northeast-1.rds.amazonaws.com",
            "allocated_storage": 20,
            "allow_major_version_upgrade": null,
            "apply_immediately": false,
            "arn": "arn:aws:rds:ap-northeast-1:715841364530:db:rds-voucherz-test",
            "auto_minor_version_upgrade": true,
            "availability_zone": "ap-northeast-1a",
            "backup_retention_period": 0,
            "backup_target": "region",
            "backup_window": "15:17-15:47",
            "blue_green_update": [],
            "ca_cert_identifier": "rds-ca-rsa2048-g1",
            "character_set_name": "",
            "copy_tags_to_snapshot": false,
            "custom_iam_instance_profile": "",
            "customer_owned_ip_enabled": false,
            "database_insights_mode": "standard",
            "db_name": "myappdb",
            "db_subnet_group_name": "default-vpc-05ffd3536a22a6d48",
            "dedicated_log_volume": false,
            "delete_automated_backups": true,
            "deletion_protection": false,
            "domain": "",
            "domain_auth_secret_arn": "",
            "domain_dns_ips": [],
            "domain_fqdn": "",
            "domain_iam_role_name": "",
            "domain_ou": "",
            "enabled_cloudwatch_logs_exports": [],
            "endpoint": "rds-voucherz-test.cn2gsqoggmgm.ap-northeast-1.rds.amazonaws.com:3306",
            "engine": "mysql",
            "engine_lifecycle_support": "open-source-rds-extended-support",
            "engine_version": "8.0",
            "engine_version_actual": "8.0.42",
            "final_snapshot_identifier": null,
            "hosted_zone_id": "Z24O6O9L7SGTNB",
            "iam_database_authentication_enabled": false,
            "id": "db-4UJJOZB3RVHSQOMMUDFSJPQQ5A",
            "identifier": "rds-voucherz-test",
            "identifier_prefix": "",
            "instance_class": "db.t4g.micro",
            "iops": 0,
            "kms_key_id": "",
            "latest_restorable_time": "",
            "license_model": "general-public-license",
            "listener_endpoint": [],
            "maintenance_window": "wed:19:29-wed:19:59",
            "manage_master_user_password": null,
            "master_user_secret": [],
            "master_user_secret_kms_key_id": null,
            "max_allocated_storage": 0,
            "monitoring_interval": 0,
            "monitoring_role_arn": "",
            "multi_az": false,
            "nchar_character_set_name": "",
            "network_type": "IPV4",
            "option_group_name": "default:mysql-8-0",
            "parameter_group_name": "default.mysql8.0",
            "password": "mysecretpassword",
            "password_wo": null,
            "password_wo_version": null,
            "performance_insights_enabled": false,
            "performance_insights_kms_key_id": "",
            "performance_insights_retention_period": 0,
            "port": 3306,
            "publicly_accessible": false,
            "region": "ap-northeast-1",
            "replica_mode": "",
            "replicas": [],
            "replicate_source_db": "",
            "resource_id": "db-4UJJOZB3RVHSQOMMUDFSJPQQ5A",
            "restore_to_point_in_time": [],
            "s3_import": [],
            "skip_final_snapshot": true,
            "snapshot_identifier": null,
            "status": "available",
            "storage_encrypted": false,
            "storage_throughput": 0,
            "storage_type": "gp2",
            "tags": {},
            "tags_all": {},
            "timeouts": null,
            "timezone": "",
            "upgrade_storage_config": null,
            "username": "myappuser",
            "vpc_security_group_ids": [
              "sg-01058cd586df62a94"
            ]
          },
          "sensitive_attributes": [
            [
              {
                "type": "get_attr",
                "value": "password"
              }
            ],
            [
              {
                "type": "get_attr",
                "value": "password_wo"
              }
            ]
          ],
          "identity_schema_version": 0,
          "private": "eyJlMmJmYjczMC1lY2FhLTExZTYtOGY4OC0zNDM2M2JjN2M0YzAiOnsiY3JlYXRlIjozMDAwMDAwMDAwMDAwLCJkZWxldGUiOjM2MDAwMDAwMDAwMDAsInVwZGF0ZSI6NDgwMDAwMDAwMDAwMH0sInNjaGVtYV92ZXJzaW9uIjoiMiJ9",
          "dependencies": [
            "data.aws_db_subnet_group.rds_subnet",
            "data.aws_security_group.rds_sg"
          ]
        }
      ]
    },
    {
      "mode": "managed",
      "type": "aws_ecs_service",
      "name": "django",
      "provider": "provider[\"registry.terraform.io/hashicorp/aws\"]",
      "instances": [
        {
          "schema_version": 1,
          "attributes": {
            "alarms": [],
            "arn": "arn:aws:ecs:ap-northeast-1:715841364530:service/voucherz-test/voucherz-test-django-service",
            "availability_zone_rebalancing": "DISABLED",
            "capacity_provider_strategy": [],
            "cluster": "arn:aws:ecs:ap-northeast-1:715841364530:cluster/voucherz-test",
            "deployment_circuit_breaker": [
              {
                "enable": false,
                "rollback": false
              }
            ],
            "deployment_configuration": [],
            "deployment_controller": [
              {
                "type": "ECS"
              }
            ],
            "deployment_maximum_percent": 200,
            "deployment_minimum_healthy_percent": 100,
            "desired_count": 1,
            "enable_ecs_managed_tags": false,
            "enable_execute_command": false,
            "force_delete": null,
            "force_new_deployment": null,
            "health_check_grace_period_seconds": 0,
            "iam_role": "/aws-service-role/ecs.amazonaws.com/AWSServiceRoleForECS",
            "id": "arn:aws:ecs:ap-northeast-1:715841364530:service/voucherz-test/voucherz-test-django-service",
            "launch_type": "FARGATE",
            "load_balancer": [],
            "name": "voucherz-test-django-service",
            "network_configuration": [
              {
                "assign_public_ip": false,
                "security_groups": [
                  "sg-0c2f02071ac243ffd"
                ],
                "subnets": [
                  "subnet-0ce58d5e393ec8270"
                ]
              }
            ],
            "ordered_placement_strategy": [],
            "placement_constraints": [],
            "platform_version": "LATEST",
            "propagate_tags": "NONE",
            "region": "ap-northeast-1",
            "scheduling_strategy": "REPLICA",
            "service_connect_configuration": [],
            "service_registries": [
              {
                "container_name": "",
                "container_port": 0,
                "port": 0,
                "registry_arn": "arn:aws:servicediscovery:ap-northeast-1:715841364530:service/srv-gqh55r5etc6uzax3"
              }
            ],
            "tags": null,
            "tags_all": {},
            "task_definition": "arn:aws:ecs:ap-northeast-1:715841364530:task-definition/voucherz-test-django-taskdef:9",
            "timeouts": null,
            "triggers": {},
            "volume_configuration": [],
            "vpc_lattice_configurations": [],
            "wait_for_steady_state": false
          },
          "sensitive_attributes": [],
          "identity_schema_version": 0,
          "private": "eyJlMmJmYjczMC1lY2FhLTExZTYtOGY4OC0zNDM2M2JjN2M0YzAiOnsiY3JlYXRlIjoxMjAwMDAwMDAwMDAwLCJkZWxldGUiOjEyMDAwMDAwMDAwMDAsInVwZGF0ZSI6MTIwMDAwMDAwMDAwMH0sInNjaGVtYV92ZXJzaW9uIjoiMSJ9",
          "dependencies": [
            "aws_service_discovery_private_dns_namespace.namespace",
            "data.aws_ecs_cluster.this",
            "data.aws_ecs_task_definition.django",
            "data.aws_security_group.fargate_sg",
            "data.aws_service_discovery_service.django",
            "data.aws_subnet.private_subnet",
            "data.aws_vpc.voucherz_test"
          ]
        }
      ]
    },
    {
      "mode": "managed",
      "type": "aws_ecs_service",
      "name": "nginx",
      "provider": "provider[\"registry.terraform.io/hashicorp/aws\"]",
      "instances": [
        {
          "schema_version": 1,
          "attributes": {
            "alarms": [],
            "arn": "arn:aws:ecs:ap-northeast-1:715841364530:service/voucherz-test/voucherz-test-nginx-service",
            "availability_zone_rebalancing": "DISABLED",
            "capacity_provider_strategy": [],
            "cluster": "arn:aws:ecs:ap-northeast-1:715841364530:cluster/voucherz-test",
            "deployment_circuit_breaker": [
              {
                "enable": false,
                "rollback": false
              }
            ],
            "deployment_configuration": [],
            "deployment_controller": [
              {
                "type": "ECS"
              }
            ],
            "deployment_maximum_percent": 200,
            "deployment_minimum_healthy_percent": 100,
            "desired_count": 1,
            "enable_ecs_managed_tags": false,
            "enable_execute_command": false,
            "force_delete": null,
            "force_new_deployment": null,
            "health_check_grace_period_seconds": 0,
            "iam_role": "/aws-service-role/ecs.amazonaws.com/AWSServiceRoleForECS",
            "id": "arn:aws:ecs:ap-northeast-1:715841364530:service/voucherz-test/voucherz-test-nginx-service",
            "launch_type": "FARGATE",
            "load_balancer": [
              {
                "advanced_configuration": [],
                "container_name": "nginx",
                "container_port": 80,
                "elb_name": "",
                "target_group_arn": "arn:aws:elasticloadbalancing:ap-northeast-1:715841364530:targetgroup/fargate-tg-voucherz-test/718de1f0eb8e5660"
              }
            ],
            "name": "voucherz-test-nginx-service",
            "network_configuration": [
              {
                "assign_public_ip": false,
                "security_groups": [
                  "sg-0c2f02071ac243ffd"
                ],
                "subnets": [
                  "subnet-0ce58d5e393ec8270"
                ]
              }
            ],
            "ordered_placement_strategy": [],
            "placement_constraints": [],
            "platform_version": "LATEST",
            "propagate_tags": "NONE",
            "region": "ap-northeast-1",
            "scheduling_strategy": "REPLICA",
            "service_connect_configuration": [],
            "service_registries": [],
            "tags": null,
            "tags_all": {},
            "task_definition": "arn:aws:ecs:ap-northeast-1:715841364530:task-definition/voucherz-test-nginx-taskdef:3",
            "timeouts": null,
            "triggers": {},
            "volume_configuration": [],
            "vpc_lattice_configurations": [],
            "wait_for_steady_state": false
          },
          "sensitive_attributes": [],
          "identity_schema_version": 0,
          "private": "eyJlMmJmYjczMC1lY2FhLTExZTYtOGY4OC0zNDM2M2JjN2M0YzAiOnsiY3JlYXRlIjoxMjAwMDAwMDAwMDAwLCJkZWxldGUiOjEyMDAwMDAwMDAwMDAsInVwZGF0ZSI6MTIwMDAwMDAwMDAwMH0sInNjaGVtYV92ZXJzaW9uIjoiMSJ9",
          "dependencies": [
            "aws_lb.alb_voucherz_test",
            "aws_lb_listener.https",
            "data.aws_acm_certificate.voucherz",
            "data.aws_ecs_cluster.this",
            "data.aws_ecs_task_definition.nginx",
            "data.aws_lb_target_group.fargate_tg",
            "data.aws_security_group.alb_sg",
            "data.aws_security_group.fargate_sg",
            "data.aws_subnet.private_subnet",
            "data.aws_subnet.public1",
            "data.aws_subnet.public2",
            "data.aws_vpc.voucherz_test"
          ]
        }
      ]
    },
    {
      "mode": "managed",
      "type": "aws_eip",
      "name": "nat",
      "provider": "provider[\"registry.terraform.io/hashicorp/aws\"]",
      "instances": [
        {
          "schema_version": 0,
          "attributes": {
            "address": null,
            "allocation_id": "eipalloc-05daaebd67c7cc962",
            "arn": "arn:aws:ec2:ap-northeast-1:715841364530:elastic-ip/eipalloc-05daaebd67c7cc962",
            "associate_with_private_ip": null,
            "association_id": "",
            "carrier_ip": "",
            "customer_owned_ip": "",
            "customer_owned_ipv4_pool": "",
            "domain": "vpc",
            "id": "eipalloc-05daaebd67c7cc962",
            "instance": "",
            "ipam_pool_id": null,
            "network_border_group": "ap-northeast-1",
            "network_interface": "",
            "private_dns": null,
            "private_ip": "",
            "ptr_record": "",
            "public_dns": "ec2-35-77-159-222.ap-northeast-1.compute.amazonaws.com",
            "public_ip": "35.77.159.222",
            "public_ipv4_pool": "amazon",
            "region": "ap-northeast-1",
            "tags": {
              "Name": "nat-voucherz-test-eip"
            },
            "tags_all": {
              "Name": "nat-voucherz-test-eip"
            },
            "timeouts": null
          },
          "sensitive_attributes": [],
          "identity_schema_version": 0,
          "private": "eyJlMmJmYjczMC1lY2FhLTExZTYtOGY4OC0zNDM2M2JjN2M0YzAiOnsiZGVsZXRlIjoxODAwMDAwMDAwMDAsInJlYWQiOjkwMDAwMDAwMDAwMCwidXBkYXRlIjozMDAwMDAwMDAwMDB9fQ=="
        }
      ]
    },
    {
      "mode": "managed",
      "type": "aws_lb",
      "name": "alb_voucherz_test",
      "provider": "provider[\"registry.terraform.io/hashicorp/aws\"]",
      "instances": [
        {
          "schema_version": 0,
          "attributes": {
            "access_logs": [
              {
                "bucket": "",
                "enabled": false,
                "prefix": ""
              }
            ],
            "arn": "arn:aws:elasticloadbalancing:ap-northeast-1:715841364530:loadbalancer/app/alb-voucherz-test/1ce16bebef5c65f9",
            "arn_suffix": "app/alb-voucherz-test/1ce16bebef5c65f9",
            "client_keep_alive": 3600,
            "connection_logs": [
              {
                "bucket": "",
                "enabled": false,
                "prefix": ""
              }
            ],
            "customer_owned_ipv4_pool": "",
            "desync_mitigation_mode": "defensive",
            "dns_name": "alb-voucherz-test-1457015780.ap-northeast-1.elb.amazonaws.com",
            "dns_record_client_routing_policy": null,
            "drop_invalid_header_fields": false,
            "enable_cross_zone_load_balancing": true,
            "enable_deletion_protection": false,
            "enable_http2": true,
            "enable_tls_version_and_cipher_suite_headers": false,
            "enable_waf_fail_open": false,
            "enable_xff_client_port": false,
            "enable_zonal_shift": false,
            "enforce_security_group_inbound_rules_on_private_link_traffic": "",
            "id": "arn:aws:elasticloadbalancing:ap-northeast-1:715841364530:loadbalancer/app/alb-voucherz-test/1ce16bebef5c65f9",
            "idle_timeout": 60,
            "internal": false,
            "ip_address_type": "ipv4",
            "ipam_pools": [],
            "load_balancer_type": "application",
            "minimum_load_balancer_capacity": [],
            "name": "alb-voucherz-test",
            "name_prefix": "",
            "preserve_host_header": false,
            "region": "ap-northeast-1",
            "security_groups": [
              "sg-0efb6c108188bd7aa"
            ],
            "subnet_mapping": [
              {
                "allocation_id": "",
                "ipv6_address": "",
                "outpost_id": "",
                "private_ipv4_address": "",
                "subnet_id": "subnet-03e8708ace2d2a4a5"
              },
              {
                "allocation_id": "",
                "ipv6_address": "",
                "outpost_id": "",
                "private_ipv4_address": "",
                "subnet_id": "subnet-0f62fb333db1b726f"
              }
            ],
            "subnets": [
              "subnet-03e8708ace2d2a4a5",
              "subnet-0f62fb333db1b726f"
            ],
            "tags": {
              "Name": "alb-voucherz-test"
            },
            "tags_all": {
              "Name": "alb-voucherz-test"
            },
            "timeouts": null,
            "vpc_id": "vpc-05ffd3536a22a6d48",
            "xff_header_processing_mode": "append",
            "zone_id": "Z14GRHDCWA56QT"
          },
          "sensitive_attributes": [],
          "identity_schema_version": 0,
          "identity": {
            "arn": "arn:aws:elasticloadbalancing:ap-northeast-1:715841364530:loadbalancer/app/alb-voucherz-test/1ce16bebef5c65f9"
          },
          "private": "eyJlMmJmYjczMC1lY2FhLTExZTYtOGY4OC0zNDM2M2JjN2M0YzAiOnsiY3JlYXRlIjo2MDAwMDAwMDAwMDAsImRlbGV0ZSI6NjAwMDAwMDAwMDAwLCJ1cGRhdGUiOjYwMDAwMDAwMDAwMH19",
          "dependencies": [
            "data.aws_security_group.alb_sg",
            "data.aws_subnet.public1",
            "data.aws_subnet.public2",
            "data.aws_vpc.voucherz_test"
          ]
        }
      ]
    },
    {
      "mode": "managed",
      "type": "aws_lb_listener",
      "name": "https",
      "provider": "provider[\"registry.terraform.io/hashicorp/aws\"]",
      "instances": [
        {
          "schema_version": 0,
          "attributes": {
            "alpn_policy": null,
            "arn": "arn:aws:elasticloadbalancing:ap-northeast-1:715841364530:listener/app/alb-voucherz-test/1ce16bebef5c65f9/018e3ca86b82da00",
            "certificate_arn": "arn:aws:acm:ap-northeast-1:715841364530:certificate/ae26e5d1-6575-4087-a033-d9cda54862bf",
            "default_action": [
              {
                "authenticate_cognito": [],
                "authenticate_oidc": [],
                "fixed_response": [],
                "forward": [],
                "order": 1,
                "redirect": [],
                "target_group_arn": "arn:aws:elasticloadbalancing:ap-northeast-1:715841364530:targetgroup/fargate-tg-voucherz-test/718de1f0eb8e5660",
                "type": "forward"
              }
            ],
            "id": "arn:aws:elasticloadbalancing:ap-northeast-1:715841364530:listener/app/alb-voucherz-test/1ce16bebef5c65f9/018e3ca86b82da00",
            "load_balancer_arn": "arn:aws:elasticloadbalancing:ap-northeast-1:715841364530:loadbalancer/app/alb-voucherz-test/1ce16bebef5c65f9",
            "mutual_authentication": [
              {
                "advertise_trust_store_ca_names": "",
                "ignore_client_certificate_expiry": false,
                "mode": "off",
                "trust_store_arn": ""
              }
            ],
            "port": 443,
            "protocol": "HTTPS",
            "region": "ap-northeast-1",
            "routing_http_request_x_amzn_mtls_clientcert_header_name": "",
            "routing_http_request_x_amzn_mtls_clientcert_issuer_header_name": "",
            "routing_http_request_x_amzn_mtls_clientcert_leaf_header_name": "",
            "routing_http_request_x_amzn_mtls_clientcert_serial_number_header_name": "",
            "routing_http_request_x_amzn_mtls_clientcert_subject_header_name": "",
            "routing_http_request_x_amzn_mtls_clientcert_validity_header_name": "",
            "routing_http_request_x_amzn_tls_cipher_suite_header_name": "",
            "routing_http_request_x_amzn_tls_version_header_name": "",
            "routing_http_response_access_control_allow_credentials_header_value": "",
            "routing_http_response_access_control_allow_headers_header_value": "",
            "routing_http_response_access_control_allow_methods_header_value": "",
            "routing_http_response_access_control_allow_origin_header_value": "",
            "routing_http_response_access_control_expose_headers_header_value": "",
            "routing_http_response_access_control_max_age_header_value": "",
            "routing_http_response_content_security_policy_header_value": "",
            "routing_http_response_server_enabled": true,
            "routing_http_response_strict_transport_security_header_value": "",
            "routing_http_response_x_content_type_options_header_value": "",
            "routing_http_response_x_frame_options_header_value": "",
            "ssl_policy": "ELBSecurityPolicy-2016-08",
            "tags": null,
            "tags_all": {},
            "tcp_idle_timeout_seconds": null,
            "timeouts": null
          },
          "sensitive_attributes": [],
          "identity_schema_version": 0,
          "identity": {
            "arn": "arn:aws:elasticloadbalancing:ap-northeast-1:715841364530:listener/app/alb-voucherz-test/1ce16bebef5c65f9/018e3ca86b82da00"
          },
          "private": "eyJlMmJmYjczMC1lY2FhLTExZTYtOGY4OC0zNDM2M2JjN2M0YzAiOnsiY3JlYXRlIjozMDAwMDAwMDAwMDAsInVwZGF0ZSI6MzAwMDAwMDAwMDAwfX0=",
          "dependencies": [
            "aws_lb.alb_voucherz_test",
            "data.aws_acm_certificate.voucherz",
            "data.aws_lb_target_group.fargate_tg",
            "data.aws_security_group.alb_sg",
            "data.aws_subnet.public1",
            "data.aws_subnet.public2",
            "data.aws_vpc.voucherz_test"
          ]
        }
      ]
    },
    {
      "mode": "managed",
      "type": "aws_nat_gateway",
      "name": "nat",
      "provider": "provider[\"registry.terraform.io/hashicorp/aws\"]",
      "instances": [
        {
          "schema_version": 0,
          "attributes": {
            "allocation_id": "eipalloc-05daaebd67c7cc962",
            "association_id": "eipassoc-0582bc5024020ceaa",
            "connectivity_type": "public",
            "id": "nat-0818e05a502b87eb4",
            "network_interface_id": "eni-0b22251b9f3d111d2",
            "private_ip": "10.0.0.8",
            "public_ip": "35.77.159.222",
            "region": "ap-northeast-1",
            "secondary_allocation_ids": [],
            "secondary_private_ip_address_count": 0,
            "secondary_private_ip_addresses": [],
            "subnet_id": "subnet-0f62fb333db1b726f",
            "tags": {
              "Name": "nat-voucherz-test"
            },
            "tags_all": {
              "Name": "nat-voucherz-test"
            },
            "timeouts": null
          },
          "sensitive_attributes": [],
          "identity_schema_version": 0,
          "private": "eyJlMmJmYjczMC1lY2FhLTExZTYtOGY4OC0zNDM2M2JjN2M0YzAiOnsiY3JlYXRlIjo2MDAwMDAwMDAwMDAsImRlbGV0ZSI6MTgwMDAwMDAwMDAwMCwidXBkYXRlIjo2MDAwMDAwMDAwMDB9fQ==",
          "dependencies": [
            "aws_eip.nat",
            "data.aws_subnet.public_subnet"
          ]
        }
      ]
    },
    {
      "mode": "managed",
      "type": "aws_route",
      "name": "private_nat_route",
      "provider": "provider[\"registry.terraform.io/hashicorp/aws\"]",
      "instances": [
        {
          "schema_version": 0,
          "attributes": {
            "carrier_gateway_id": "",
            "core_network_arn": "",
            "destination_cidr_block": "0.0.0.0/0",
            "destination_ipv6_cidr_block": "",
            "destination_prefix_list_id": "",
            "egress_only_gateway_id": "",
            "gateway_id": "",
            "id": "r-rtb-0c02f5b07505caaec1080289494",
            "instance_id": "",
            "instance_owner_id": "",
            "local_gateway_id": "",
            "nat_gateway_id": "nat-0818e05a502b87eb4",
            "network_interface_id": "",
            "origin": "CreateRoute",
            "region": "ap-northeast-1",
            "route_table_id": "rtb-0c02f5b07505caaec",
            "state": "active",
            "timeouts": null,
            "transit_gateway_id": "",
            "vpc_endpoint_id": "",
            "vpc_peering_connection_id": ""
          },
          "sensitive_attributes": [],
          "identity_schema_version": 0,
          "private": "eyJlMmJmYjczMC1lY2FhLTExZTYtOGY4OC0zNDM2M2JjN2M0YzAiOnsiY3JlYXRlIjozMDAwMDAwMDAwMDAsImRlbGV0ZSI6MzAwMDAwMDAwMDAwLCJ1cGRhdGUiOjEyMDAwMDAwMDAwMH19",
          "dependencies": [
            "aws_eip.nat",
            "aws_nat_gateway.nat",
            "data.aws_route_table.private_rtb",
            "data.aws_subnet.public_subnet"
          ]
        }
      ]
    },
    {
      "mode": "managed",
      "type": "aws_route53_record",
      "name": "voucherz_root_alias",
      "provider": "provider[\"registry.terraform.io/hashicorp/aws\"]",
      "instances": [
        {
          "schema_version": 2,
          "attributes": {
            "alias": [
              {
                "evaluate_target_health": true,
                "name": "alb-voucherz-test-1457015780.ap-northeast-1.elb.amazonaws.com",
                "zone_id": "Z14GRHDCWA56QT"
              }
            ],
            "allow_overwrite": null,
            "cidr_routing_policy": [],
            "failover_routing_policy": [],
            "fqdn": "voucherz.jp",
            "geolocation_routing_policy": [],
            "geoproximity_routing_policy": [],
            "health_check_id": "",
            "id": "Z002079711TVB8IR2PG1M__A",
            "latency_routing_policy": [],
            "multivalue_answer_routing_policy": false,
            "name": "",
            "records": null,
            "set_identifier": "",
            "timeouts": null,
            "ttl": 0,
            "type": "A",
            "weighted_routing_policy": [],
            "zone_id": "Z002079711TVB8IR2PG1M"
          },
          "sensitive_attributes": [],
          "identity_schema_version": 0,
          "identity": {
            "account_id": "715841364530",
            "name": null,
            "set_identifier": null,
            "type": "A",
            "zone_id": "Z002079711TVB8IR2PG1M"
          },
          "private": "eyJlMmJmYjczMC1lY2FhLTExZTYtOGY4OC0zNDM2M2JjN2M0YzAiOnsiY3JlYXRlIjoxODAwMDAwMDAwMDAwLCJkZWxldGUiOjE4MDAwMDAwMDAwMDAsInVwZGF0ZSI6MTgwMDAwMDAwMDAwMH0sInNjaGVtYV92ZXJzaW9uIjoiMiJ9",
          "dependencies": [
            "aws_lb.alb_voucherz_test",
            "data.aws_route53_zone.voucherz",
            "data.aws_security_group.alb_sg",
            "data.aws_subnet.public1",
            "data.aws_subnet.public2",
            "data.aws_vpc.voucherz_test"
          ]
        }
      ]
    },
    {
      "mode": "managed",
      "type": "aws_ssm_parameter",
      "name": "mysql_container_endpoint",
      "provider": "provider[\"registry.terraform.io/hashicorp/aws\"]",
      "instances": [
        {
          "schema_version": 0,
          "attributes": {
            "allowed_pattern": "",
            "arn": "arn:aws:ssm:ap-northeast-1:715841364530:parameter/voucherz/MYSQL_CONTAINER_NAME",
            "data_type": "text",
            "description": "",
            "has_value_wo": false,
            "id": "/voucherz/MYSQL_CONTAINER_NAME",
            "insecure_value": null,
            "key_id": "",
            "name": "/voucherz/MYSQL_CONTAINER_NAME",
            "overwrite": null,
            "region": "ap-northeast-1",
            "tags": {},
            "tags_all": {},
            "tier": "Standard",
            "type": "String",
            "value": "rds-voucherz-test.cn2gsqoggmgm.ap-northeast-1.rds.amazonaws.com",
            "value_wo": null,
            "value_wo_version": null,
            "version": 1
          },
          "sensitive_attributes": [
            [
              {
                "type": "get_attr",
                "value": "value"
              }
            ],
            [
              {
                "type": "get_attr",
                "value": "value_wo"
              }
            ]
          ],
          "identity_schema_version": 0,
          "identity": {
            "account_id": "715841364530",
            "name": "/voucherz/MYSQL_CONTAINER_NAME",
            "region": "ap-northeast-1"
          },
          "private": "bnVsbA==",
          "dependencies": [
            "aws_db_instance.rds_voucherz_test",
            "data.aws_db_subnet_group.rds_subnet",
            "data.aws_security_group.rds_sg"
          ]
        }
      ]
    }
  ],
  "check_results": null
}
